// !$*UTF8*$!
{
	archiveVersion = 1;
	classes = {
	};
	objectVersion = 48;
	objects = {

/* Begin PBXBuildFile section */
		02C3CE51023C5B82B96D2F34 /* Pods_BareFootTests.framework in Frameworks */ = {isa = PBXBuildFile; fileRef = BD8D21AAF0238802EBA06470 /* Pods_BareFootTests.framework */; };
		3F0CAAC2234201710055AA9F /* Definitions.swift in Sources */ = {isa = PBXBuildFile; fileRef = 3F0CAAC1234201710055AA9F /* Definitions.swift */; };
		3F61A52E2315C5800065E822 /* PrepareLesson.swift in Sources */ = {isa = PBXBuildFile; fileRef = 3F61A52D2315C5800065E822 /* PrepareLesson.swift */; };
		3F61A5302315CD490065E822 /* Attendance.swift in Sources */ = {isa = PBXBuildFile; fileRef = 3F61A52F2315CD490065E822 /* Attendance.swift */; };
		3F61A5322315CEF40065E822 /* TakePhoto.swift in Sources */ = {isa = PBXBuildFile; fileRef = 3F61A5312315CEF40065E822 /* TakePhoto.swift */; };
		3F61A534231685980065E822 /* Activity.swift in Sources */ = {isa = PBXBuildFile; fileRef = 3F61A533231685980065E822 /* Activity.swift */; };
		3F6928FA2317110300E6858A /* GoogleService-Info.plist in Resources */ = {isa = PBXBuildFile; fileRef = 3F6928F92317110300E6858A /* GoogleService-Info.plist */; };
		3F9C881A234D19930095239A /* GameKit.framework in Frameworks */ = {isa = PBXBuildFile; fileRef = 3F9C8819234D19920095239A /* GameKit.framework */; };
		3F9C881C234D199C0095239A /* MultipeerConnectivity.framework in Frameworks */ = {isa = PBXBuildFile; fileRef = 3F9C881B234D199C0095239A /* MultipeerConnectivity.framework */; };
		3F9C881E234D1D700095239A /* ViewRecords.swift in Sources */ = {isa = PBXBuildFile; fileRef = 3F9C881D234D1D700095239A /* ViewRecords.swift */; };
		3F9C8820234D1EF80095239A /* BluetoothViewController.swift in Sources */ = {isa = PBXBuildFile; fileRef = 3F9C881F234D1EF80095239A /* BluetoothViewController.swift */; };
		3FC24A89234910D500EC14CD /* school.csv in Resources */ = {isa = PBXBuildFile; fileRef = 3FC24A88234910D500EC14CD /* school.csv */; };
		3FC24A8B234910E200EC14CD /* students.csv in Resources */ = {isa = PBXBuildFile; fileRef = 3FC24A8A234910E200EC14CD /* students.csv */; };
		3FC24A8D234910EA00EC14CD /* teachers.csv in Resources */ = {isa = PBXBuildFile; fileRef = 3FC24A8C234910EA00EC14CD /* teachers.csv */; };
		3FC262A623151D4300017379 /* AppDelegate.swift in Sources */ = {isa = PBXBuildFile; fileRef = 3FC262A523151D4300017379 /* AppDelegate.swift */; };
		3FC262A823151D4300017379 /* ViewController.swift in Sources */ = {isa = PBXBuildFile; fileRef = 3FC262A723151D4300017379 /* ViewController.swift */; };
		3FC262AB23151D4300017379 /* Main.storyboard in Resources */ = {isa = PBXBuildFile; fileRef = 3FC262A923151D4300017379 /* Main.storyboard */; };
		3FC262AE23151D4300017379 /* BareFoot.xcdatamodeld in Sources */ = {isa = PBXBuildFile; fileRef = 3FC262AC23151D4300017379 /* BareFoot.xcdatamodeld */; };
		3FC262B023151D4300017379 /* Assets.xcassets in Resources */ = {isa = PBXBuildFile; fileRef = 3FC262AF23151D4300017379 /* Assets.xcassets */; };
		3FC262B323151D4300017379 /* LaunchScreen.storyboard in Resources */ = {isa = PBXBuildFile; fileRef = 3FC262B123151D4300017379 /* LaunchScreen.storyboard */; };
		3FC262BE23151D4300017379 /* BareFootTests.swift in Sources */ = {isa = PBXBuildFile; fileRef = 3FC262BD23151D4300017379 /* BareFootTests.swift */; };
		3FC262C923151D4300017379 /* BareFootUITests.swift in Sources */ = {isa = PBXBuildFile; fileRef = 3FC262C823151D4300017379 /* BareFootUITests.swift */; };
		3FC262D723153C4000017379 /* LoginScreen.swift in Sources */ = {isa = PBXBuildFile; fileRef = 3FC262D623153C4000017379 /* LoginScreen.swift */; };
		3FC262D9231543F800017379 /* Dashboard.swift in Sources */ = {isa = PBXBuildFile; fileRef = 3FC262D8231543F800017379 /* Dashboard.swift */; };
		61DD24FBAA7A817B100C13E8 /* Pods_BareFoot.framework in Frameworks */ = {isa = PBXBuildFile; fileRef = 705995C5DF6ECE37E482E9F2 /* Pods_BareFoot.framework */; };
		EF31A1BABC20A02717E2CD16 /* Pods_BareFootUITests.framework in Frameworks */ = {isa = PBXBuildFile; fileRef = 1DFDB741C03867396F03BACE /* Pods_BareFootUITests.framework */; };
/* End PBXBuildFile section */

/* Begin PBXContainerItemProxy section */
		3FC262BA23151D4300017379 /* PBXContainerItemProxy */ = {
			isa = PBXContainerItemProxy;
			containerPortal = 3FC2629A23151D4300017379 /* Project object */;
			proxyType = 1;
			remoteGlobalIDString = 3FC262A123151D4300017379;
			remoteInfo = BareFoot;
		};
		3FC262C523151D4300017379 /* PBXContainerItemProxy */ = {
			isa = PBXContainerItemProxy;
			containerPortal = 3FC2629A23151D4300017379 /* Project object */;
			proxyType = 1;
			remoteGlobalIDString = 3FC262A123151D4300017379;
			remoteInfo = BareFoot;
		};
/* End PBXContainerItemProxy section */

/* Begin PBXFileReference section */
		1262AD53EF0009A443ED72B3 /* Pods-BareFootTests.release.xcconfig */ = {isa = PBXFileReference; includeInIndex = 1; lastKnownFileType = text.xcconfig; name = "Pods-BareFootTests.release.xcconfig"; path = "Target Support Files/Pods-BareFootTests/Pods-BareFootTests.release.xcconfig"; sourceTree = "<group>"; };
		1DFDB741C03867396F03BACE /* Pods_BareFootUITests.framework */ = {isa = PBXFileReference; explicitFileType = wrapper.framework; includeInIndex = 0; path = Pods_BareFootUITests.framework; sourceTree = BUILT_PRODUCTS_DIR; };
		33379E708ACD17AB10CD718F /* Pods-BareFoot.release.xcconfig */ = {isa = PBXFileReference; includeInIndex = 1; lastKnownFileType = text.xcconfig; name = "Pods-BareFoot.release.xcconfig"; path = "Target Support Files/Pods-BareFoot/Pods-BareFoot.release.xcconfig"; sourceTree = "<group>"; };
		3F0CAAC1234201710055AA9F /* Definitions.swift */ = {isa = PBXFileReference; lastKnownFileType = sourcecode.swift; path = Definitions.swift; sourceTree = "<group>"; };
		3F61A52D2315C5800065E822 /* PrepareLesson.swift */ = {isa = PBXFileReference; lastKnownFileType = sourcecode.swift; path = PrepareLesson.swift; sourceTree = "<group>"; };
		3F61A52F2315CD490065E822 /* Attendance.swift */ = {isa = PBXFileReference; lastKnownFileType = sourcecode.swift; path = Attendance.swift; sourceTree = "<group>"; };
		3F61A5312315CEF40065E822 /* TakePhoto.swift */ = {isa = PBXFileReference; lastKnownFileType = sourcecode.swift; path = TakePhoto.swift; sourceTree = "<group>"; };
		3F61A533231685980065E822 /* Activity.swift */ = {isa = PBXFileReference; lastKnownFileType = sourcecode.swift; path = Activity.swift; sourceTree = "<group>"; };
		3F6928F92317110300E6858A /* GoogleService-Info.plist */ = {isa = PBXFileReference; fileEncoding = 4; lastKnownFileType = text.plist.xml; path = "GoogleService-Info.plist"; sourceTree = "<group>"; };
		3F9C8819234D19920095239A /* GameKit.framework */ = {isa = PBXFileReference; lastKnownFileType = wrapper.framework; name = GameKit.framework; path = System/Library/Frameworks/GameKit.framework; sourceTree = SDKROOT; };
		3F9C881B234D199C0095239A /* MultipeerConnectivity.framework */ = {isa = PBXFileReference; lastKnownFileType = wrapper.framework; name = MultipeerConnectivity.framework; path = System/Library/Frameworks/MultipeerConnectivity.framework; sourceTree = SDKROOT; };
		3F9C881D234D1D700095239A /* ViewRecords.swift */ = {isa = PBXFileReference; lastKnownFileType = sourcecode.swift; path = ViewRecords.swift; sourceTree = "<group>"; };
		3F9C881F234D1EF80095239A /* BluetoothViewController.swift */ = {isa = PBXFileReference; lastKnownFileType = sourcecode.swift; path = BluetoothViewController.swift; sourceTree = "<group>"; };
		3FC24A88234910D500EC14CD /* school.csv */ = {isa = PBXFileReference; fileEncoding = 4; lastKnownFileType = text; path = school.csv; sourceTree = "<group>"; };
		3FC24A8A234910E200EC14CD /* students.csv */ = {isa = PBXFileReference; fileEncoding = 4; lastKnownFileType = text; path = students.csv; sourceTree = "<group>"; };
		3FC24A8C234910EA00EC14CD /* teachers.csv */ = {isa = PBXFileReference; fileEncoding = 4; lastKnownFileType = text; path = teachers.csv; sourceTree = "<group>"; };
		3FC262A223151D4300017379 /* BareFoot.app */ = {isa = PBXFileReference; explicitFileType = wrapper.application; includeInIndex = 0; path = BareFoot.app; sourceTree = BUILT_PRODUCTS_DIR; };
		3FC262A523151D4300017379 /* AppDelegate.swift */ = {isa = PBXFileReference; lastKnownFileType = sourcecode.swift; path = AppDelegate.swift; sourceTree = "<group>"; };
		3FC262A723151D4300017379 /* ViewController.swift */ = {isa = PBXFileReference; lastKnownFileType = sourcecode.swift; path = ViewController.swift; sourceTree = "<group>"; };
		3FC262AA23151D4300017379 /* Base */ = {isa = PBXFileReference; lastKnownFileType = file.storyboard; name = Base; path = Base.lproj/Main.storyboard; sourceTree = "<group>"; };
		3FC262AD23151D4300017379 /* BareFoot.xcdatamodel */ = {isa = PBXFileReference; lastKnownFileType = wrapper.xcdatamodel; path = BareFoot.xcdatamodel; sourceTree = "<group>"; };
		3FC262AF23151D4300017379 /* Assets.xcassets */ = {isa = PBXFileReference; lastKnownFileType = folder.assetcatalog; path = Assets.xcassets; sourceTree = "<group>"; };
		3FC262B223151D4300017379 /* Base */ = {isa = PBXFileReference; lastKnownFileType = file.storyboard; name = Base; path = Base.lproj/LaunchScreen.storyboard; sourceTree = "<group>"; };
		3FC262B423151D4300017379 /* Info.plist */ = {isa = PBXFileReference; lastKnownFileType = text.plist.xml; path = Info.plist; sourceTree = "<group>"; };
		3FC262B923151D4300017379 /* BareFootTests.xctest */ = {isa = PBXFileReference; explicitFileType = wrapper.cfbundle; includeInIndex = 0; path = BareFootTests.xctest; sourceTree = BUILT_PRODUCTS_DIR; };
		3FC262BD23151D4300017379 /* BareFootTests.swift */ = {isa = PBXFileReference; lastKnownFileType = sourcecode.swift; path = BareFootTests.swift; sourceTree = "<group>"; };
		3FC262BF23151D4300017379 /* Info.plist */ = {isa = PBXFileReference; lastKnownFileType = text.plist.xml; path = Info.plist; sourceTree = "<group>"; };
		3FC262C423151D4300017379 /* BareFootUITests.xctest */ = {isa = PBXFileReference; explicitFileType = wrapper.cfbundle; includeInIndex = 0; path = BareFootUITests.xctest; sourceTree = BUILT_PRODUCTS_DIR; };
		3FC262C823151D4300017379 /* BareFootUITests.swift */ = {isa = PBXFileReference; lastKnownFileType = sourcecode.swift; path = BareFootUITests.swift; sourceTree = "<group>"; };
		3FC262CA23151D4300017379 /* Info.plist */ = {isa = PBXFileReference; lastKnownFileType = text.plist.xml; path = Info.plist; sourceTree = "<group>"; };
		3FC262D623153C4000017379 /* LoginScreen.swift */ = {isa = PBXFileReference; lastKnownFileType = sourcecode.swift; path = LoginScreen.swift; sourceTree = "<group>"; };
		3FC262D8231543F800017379 /* Dashboard.swift */ = {isa = PBXFileReference; lastKnownFileType = sourcecode.swift; path = Dashboard.swift; sourceTree = "<group>"; };
		705995C5DF6ECE37E482E9F2 /* Pods_BareFoot.framework */ = {isa = PBXFileReference; explicitFileType = wrapper.framework; includeInIndex = 0; path = Pods_BareFoot.framework; sourceTree = BUILT_PRODUCTS_DIR; };
		8DF9C7A2D1DE8805892D1305 /* Pods-BareFootTests.debug.xcconfig */ = {isa = PBXFileReference; includeInIndex = 1; lastKnownFileType = text.xcconfig; name = "Pods-BareFootTests.debug.xcconfig"; path = "Target Support Files/Pods-BareFootTests/Pods-BareFootTests.debug.xcconfig"; sourceTree = "<group>"; };
		BD8D21AAF0238802EBA06470 /* Pods_BareFootTests.framework */ = {isa = PBXFileReference; explicitFileType = wrapper.framework; includeInIndex = 0; path = Pods_BareFootTests.framework; sourceTree = BUILT_PRODUCTS_DIR; };
		CEE241FA12E76FC3A1877629 /* Pods-BareFoot.debug.xcconfig */ = {isa = PBXFileReference; includeInIndex = 1; lastKnownFileType = text.xcconfig; name = "Pods-BareFoot.debug.xcconfig"; path = "Target Support Files/Pods-BareFoot/Pods-BareFoot.debug.xcconfig"; sourceTree = "<group>"; };
		F2FDA1248FD0BAB8047E60A3 /* Pods-BareFootUITests.release.xcconfig */ = {isa = PBXFileReference; includeInIndex = 1; lastKnownFileType = text.xcconfig; name = "Pods-BareFootUITests.release.xcconfig"; path = "Target Support Files/Pods-BareFootUITests/Pods-BareFootUITests.release.xcconfig"; sourceTree = "<group>"; };
		F9F02135A0E660CEF45EEF73 /* Pods-BareFootUITests.debug.xcconfig */ = {isa = PBXFileReference; includeInIndex = 1; lastKnownFileType = text.xcconfig; name = "Pods-BareFootUITests.debug.xcconfig"; path = "Target Support Files/Pods-BareFootUITests/Pods-BareFootUITests.debug.xcconfig"; sourceTree = "<group>"; };
/* End PBXFileReference section */

/* Begin PBXFrameworksBuildPhase section */
		3FC2629F23151D4300017379 /* Frameworks */ = {
			isa = PBXFrameworksBuildPhase;
			buildActionMask = 2147483647;
			files = (
				3F9C881C234D199C0095239A /* MultipeerConnectivity.framework in Frameworks */,
				61DD24FBAA7A817B100C13E8 /* Pods_BareFoot.framework in Frameworks */,
				3F9C881A234D19930095239A /* GameKit.framework in Frameworks */,
			);
			runOnlyForDeploymentPostprocessing = 0;
		};
		3FC262B623151D4300017379 /* Frameworks */ = {
			isa = PBXFrameworksBuildPhase;
			buildActionMask = 2147483647;
			files = (
				02C3CE51023C5B82B96D2F34 /* Pods_BareFootTests.framework in Frameworks */,
			);
			runOnlyForDeploymentPostprocessing = 0;
		};
		3FC262C123151D4300017379 /* Frameworks */ = {
			isa = PBXFrameworksBuildPhase;
			buildActionMask = 2147483647;
			files = (
				EF31A1BABC20A02717E2CD16 /* Pods_BareFootUITests.framework in Frameworks */,
			);
			runOnlyForDeploymentPostprocessing = 0;
		};
/* End PBXFrameworksBuildPhase section */

/* Begin PBXGroup section */
		3FC2629923151D4300017379 = {
			isa = PBXGroup;
			children = (
				3FC262A423151D4300017379 /* BareFoot */,
				3FC262BC23151D4300017379 /* BareFootTests */,
				3FC262C723151D4300017379 /* BareFootUITests */,
				3FC262A323151D4300017379 /* Products */,
				D87BE965137D1250DEE98563 /* Pods */,
				C49D1658D7AD2119D93124A2 /* Frameworks */,
			);
			sourceTree = "<group>";
		};
		3FC262A323151D4300017379 /* Products */ = {
			isa = PBXGroup;
			children = (
				3FC262A223151D4300017379 /* BareFoot.app */,
				3FC262B923151D4300017379 /* BareFootTests.xctest */,
				3FC262C423151D4300017379 /* BareFootUITests.xctest */,
			);
			name = Products;
			sourceTree = "<group>";
		};
		3FC262A423151D4300017379 /* BareFoot */ = {
			isa = PBXGroup;
			children = (
				3FC24A8C234910EA00EC14CD /* teachers.csv */,
				3FC24A8A234910E200EC14CD /* students.csv */,
				3FC24A88234910D500EC14CD /* school.csv */,
				3FC262A523151D4300017379 /* AppDelegate.swift */,
				3FC262A723151D4300017379 /* ViewController.swift */,
				3FC262A923151D4300017379 /* Main.storyboard */,
				3F61A5312315CEF40065E822 /* TakePhoto.swift */,
				3F6928F92317110300E6858A /* GoogleService-Info.plist */,
				3F61A52F2315CD490065E822 /* Attendance.swift */,
				3FC262AF23151D4300017379 /* Assets.xcassets */,
				3FC262B123151D4300017379 /* LaunchScreen.storyboard */,
				3FC262B423151D4300017379 /* Info.plist */,
				3FC262AC23151D4300017379 /* BareFoot.xcdatamodeld */,
				3FC262D623153C4000017379 /* LoginScreen.swift */,
				3FC262D8231543F800017379 /* Dashboard.swift */,
				3F61A52D2315C5800065E822 /* PrepareLesson.swift */,
				3F61A533231685980065E822 /* Activity.swift */,
				3F0CAAC1234201710055AA9F /* Definitions.swift */,
				3F9C881D234D1D700095239A /* ViewRecords.swift */,
				3F9C881F234D1EF80095239A /* BluetoothViewController.swift */,
			);
			path = BareFoot;
			sourceTree = "<group>";
		};
		3FC262BC23151D4300017379 /* BareFootTests */ = {
			isa = PBXGroup;
			children = (
				3FC262BD23151D4300017379 /* BareFootTests.swift */,
				3FC262BF23151D4300017379 /* Info.plist */,
			);
			path = BareFootTests;
			sourceTree = "<group>";
		};
		3FC262C723151D4300017379 /* BareFootUITests */ = {
			isa = PBXGroup;
			children = (
				3FC262C823151D4300017379 /* BareFootUITests.swift */,
				3FC262CA23151D4300017379 /* Info.plist */,
			);
			path = BareFootUITests;
			sourceTree = "<group>";
		};
		C49D1658D7AD2119D93124A2 /* Frameworks */ = {
			isa = PBXGroup;
			children = (
				3F9C881B234D199C0095239A /* MultipeerConnectivity.framework */,
				3F9C8819234D19920095239A /* GameKit.framework */,
				705995C5DF6ECE37E482E9F2 /* Pods_BareFoot.framework */,
				BD8D21AAF0238802EBA06470 /* Pods_BareFootTests.framework */,
				1DFDB741C03867396F03BACE /* Pods_BareFootUITests.framework */,
			);
			name = Frameworks;
			sourceTree = "<group>";
		};
		D87BE965137D1250DEE98563 /* Pods */ = {
			isa = PBXGroup;
			children = (
				CEE241FA12E76FC3A1877629 /* Pods-BareFoot.debug.xcconfig */,
				33379E708ACD17AB10CD718F /* Pods-BareFoot.release.xcconfig */,
				8DF9C7A2D1DE8805892D1305 /* Pods-BareFootTests.debug.xcconfig */,
				1262AD53EF0009A443ED72B3 /* Pods-BareFootTests.release.xcconfig */,
				F9F02135A0E660CEF45EEF73 /* Pods-BareFootUITests.debug.xcconfig */,
				F2FDA1248FD0BAB8047E60A3 /* Pods-BareFootUITests.release.xcconfig */,
			);
			path = Pods;
			sourceTree = "<group>";
		};
/* End PBXGroup section */

/* Begin PBXNativeTarget section */
		3FC262A123151D4300017379 /* BareFoot */ = {
			isa = PBXNativeTarget;
			buildConfigurationList = 3FC262CD23151D4300017379 /* Build configuration list for PBXNativeTarget "BareFoot" */;
			buildPhases = (
				538996107F1EB1218F5183C4 /* [CP] Check Pods Manifest.lock */,
				3FC2629E23151D4300017379 /* Sources */,
				3FC2629F23151D4300017379 /* Frameworks */,
				3FC262A023151D4300017379 /* Resources */,
				7F783E1EC6CE246534E0032B /* [CP] Embed Pods Frameworks */,
			);
			buildRules = (
			);
			dependencies = (
			);
			name = BareFoot;
			productName = BareFoot;
			productReference = 3FC262A223151D4300017379 /* BareFoot.app */;
			productType = "com.apple.product-type.application";
		};
		3FC262B823151D4300017379 /* BareFootTests */ = {
			isa = PBXNativeTarget;
			buildConfigurationList = 3FC262D023151D4300017379 /* Build configuration list for PBXNativeTarget "BareFootTests" */;
			buildPhases = (
				A784D8DD317CFF6A019F0E4E /* [CP] Check Pods Manifest.lock */,
				3FC262B523151D4300017379 /* Sources */,
				3FC262B623151D4300017379 /* Frameworks */,
				3FC262B723151D4300017379 /* Resources */,
			);
			buildRules = (
			);
			dependencies = (
				3FC262BB23151D4300017379 /* PBXTargetDependency */,
			);
			name = BareFootTests;
			productName = BareFootTests;
			productReference = 3FC262B923151D4300017379 /* BareFootTests.xctest */;
			productType = "com.apple.product-type.bundle.unit-test";
		};
		3FC262C323151D4300017379 /* BareFootUITests */ = {
			isa = PBXNativeTarget;
			buildConfigurationList = 3FC262D323151D4300017379 /* Build configuration list for PBXNativeTarget "BareFootUITests" */;
			buildPhases = (
				2E2A5A7536F53C2056B115D8 /* [CP] Check Pods Manifest.lock */,
				3FC262C023151D4300017379 /* Sources */,
				3FC262C123151D4300017379 /* Frameworks */,
				3FC262C223151D4300017379 /* Resources */,
			);
			buildRules = (
			);
			dependencies = (
				3FC262C623151D4300017379 /* PBXTargetDependency */,
			);
			name = BareFootUITests;
			productName = BareFootUITests;
			productReference = 3FC262C423151D4300017379 /* BareFootUITests.xctest */;
			productType = "com.apple.product-type.bundle.ui-testing";
		};
/* End PBXNativeTarget section */

/* Begin PBXProject section */
		3FC2629A23151D4300017379 /* Project object */ = {
			isa = PBXProject;
			attributes = {
				LastSwiftUpdateCheck = 0920;
				LastUpgradeCheck = 0920;
				ORGANIZATIONNAME = "Sanya Khurana";
				TargetAttributes = {
					3FC262A123151D4300017379 = {
						CreatedOnToolsVersion = 9.2;
						ProvisioningStyle = Automatic;
					};
					3FC262B823151D4300017379 = {
						CreatedOnToolsVersion = 9.2;
						ProvisioningStyle = Automatic;
						TestTargetID = 3FC262A123151D4300017379;
					};
					3FC262C323151D4300017379 = {
						CreatedOnToolsVersion = 9.2;
						ProvisioningStyle = Automatic;
						TestTargetID = 3FC262A123151D4300017379;
					};
				};
			};
			buildConfigurationList = 3FC2629D23151D4300017379 /* Build configuration list for PBXProject "BareFoot" */;
			compatibilityVersion = "Xcode 8.0";
			developmentRegion = en;
			hasScannedForEncodings = 0;
			knownRegions = (
				en,
				Base,
			);
			mainGroup = 3FC2629923151D4300017379;
			productRefGroup = 3FC262A323151D4300017379 /* Products */;
			projectDirPath = "";
			projectRoot = "";
			targets = (
				3FC262A123151D4300017379 /* BareFoot */,
				3FC262B823151D4300017379 /* BareFootTests */,
				3FC262C323151D4300017379 /* BareFootUITests */,
			);
		};
/* End PBXProject section */

/* Begin PBXResourcesBuildPhase section */
		3FC262A023151D4300017379 /* Resources */ = {
			isa = PBXResourcesBuildPhase;
			buildActionMask = 2147483647;
			files = (
				3FC24A8B234910E200EC14CD /* students.csv in Resources */,
				3F6928FA2317110300E6858A /* GoogleService-Info.plist in Resources */,
				3FC24A8D234910EA00EC14CD /* teachers.csv in Resources */,
				3FC262B323151D4300017379 /* LaunchScreen.storyboard in Resources */,
				3FC24A89234910D500EC14CD /* school.csv in Resources */,
				3FC262B023151D4300017379 /* Assets.xcassets in Resources */,
				3FC262AB23151D4300017379 /* Main.storyboard in Resources */,
			);
			runOnlyForDeploymentPostprocessing = 0;
		};
		3FC262B723151D4300017379 /* Resources */ = {
			isa = PBXResourcesBuildPhase;
			buildActionMask = 2147483647;
			files = (
			);
			runOnlyForDeploymentPostprocessing = 0;
		};
		3FC262C223151D4300017379 /* Resources */ = {
			isa = PBXResourcesBuildPhase;
			buildActionMask = 2147483647;
			files = (
			);
			runOnlyForDeploymentPostprocessing = 0;
		};
/* End PBXResourcesBuildPhase section */

/* Begin PBXShellScriptBuildPhase section */
		2E2A5A7536F53C2056B115D8 /* [CP] Check Pods Manifest.lock */ = {
			isa = PBXShellScriptBuildPhase;
			buildActionMask = 2147483647;
			files = (
			);
			inputPaths = (
				"${PODS_PODFILE_DIR_PATH}/Podfile.lock",
				"${PODS_ROOT}/Manifest.lock",
			);
			name = "[CP] Check Pods Manifest.lock";
			outputPaths = (
				"$(DERIVED_FILE_DIR)/Pods-BareFootUITests-checkManifestLockResult.txt",
			);
			runOnlyForDeploymentPostprocessing = 0;
			shellPath = /bin/sh;
			shellScript = "diff \"${PODS_PODFILE_DIR_PATH}/Podfile.lock\" \"${PODS_ROOT}/Manifest.lock\" > /dev/null\nif [ $? != 0 ] ; then\n    # print error to STDERR\n    echo \"error: The sandbox is not in sync with the Podfile.lock. Run 'pod install' or update your CocoaPods installation.\" >&2\n    exit 1\nfi\n# This output is used by Xcode 'outputs' to avoid re-running this script phase.\necho \"SUCCESS\" > \"${SCRIPT_OUTPUT_FILE_0}\"\n";
			showEnvVarsInLog = 0;
		};
		538996107F1EB1218F5183C4 /* [CP] Check Pods Manifest.lock */ = {
			isa = PBXShellScriptBuildPhase;
			buildActionMask = 2147483647;
			files = (
			);
			inputPaths = (
				"${PODS_PODFILE_DIR_PATH}/Podfile.lock",
				"${PODS_ROOT}/Manifest.lock",
			);
			name = "[CP] Check Pods Manifest.lock";
			outputPaths = (
				"$(DERIVED_FILE_DIR)/Pods-BareFoot-checkManifestLockResult.txt",
			);
			runOnlyForDeploymentPostprocessing = 0;
			shellPath = /bin/sh;
			shellScript = "diff \"${PODS_PODFILE_DIR_PATH}/Podfile.lock\" \"${PODS_ROOT}/Manifest.lock\" > /dev/null\nif [ $? != 0 ] ; then\n    # print error to STDERR\n    echo \"error: The sandbox is not in sync with the Podfile.lock. Run 'pod install' or update your CocoaPods installation.\" >&2\n    exit 1\nfi\n# This output is used by Xcode 'outputs' to avoid re-running this script phase.\necho \"SUCCESS\" > \"${SCRIPT_OUTPUT_FILE_0}\"\n";
			showEnvVarsInLog = 0;
		};
		7F783E1EC6CE246534E0032B /* [CP] Embed Pods Frameworks */ = {
			isa = PBXShellScriptBuildPhase;
			buildActionMask = 2147483647;
			files = (
			);
			inputPaths = (
				"${PODS_ROOT}/Target Support Files/Pods-BareFoot/Pods-BareFoot-frameworks.sh",
				"${BUILT_PRODUCTS_DIR}/BoringSSL-GRPC/openssl_grpc.framework",
				"${BUILT_PRODUCTS_DIR}/GTMSessionFetcher/GTMSessionFetcher.framework",
				"${BUILT_PRODUCTS_DIR}/GoogleUtilities/GoogleUtilities.framework",
				"${BUILT_PRODUCTS_DIR}/Protobuf/Protobuf.framework",
				"${BUILT_PRODUCTS_DIR}/gRPC-C++/grpcpp.framework",
				"${BUILT_PRODUCTS_DIR}/gRPC-Core/grpc.framework",
				"${BUILT_PRODUCTS_DIR}/leveldb-library/leveldb.framework",
				"${BUILT_PRODUCTS_DIR}/nanopb/nanopb.framework",
			);
			name = "[CP] Embed Pods Frameworks";
			outputPaths = (
				"${TARGET_BUILD_DIR}/${FRAMEWORKS_FOLDER_PATH}/openssl_grpc.framework",
				"${TARGET_BUILD_DIR}/${FRAMEWORKS_FOLDER_PATH}/GTMSessionFetcher.framework",
				"${TARGET_BUILD_DIR}/${FRAMEWORKS_FOLDER_PATH}/GoogleUtilities.framework",
				"${TARGET_BUILD_DIR}/${FRAMEWORKS_FOLDER_PATH}/Protobuf.framework",
				"${TARGET_BUILD_DIR}/${FRAMEWORKS_FOLDER_PATH}/grpcpp.framework",
				"${TARGET_BUILD_DIR}/${FRAMEWORKS_FOLDER_PATH}/grpc.framework",
				"${TARGET_BUILD_DIR}/${FRAMEWORKS_FOLDER_PATH}/leveldb.framework",
				"${TARGET_BUILD_DIR}/${FRAMEWORKS_FOLDER_PATH}/nanopb.framework",
			);
			runOnlyForDeploymentPostprocessing = 0;
			shellPath = /bin/sh;
			shellScript = "\"${PODS_ROOT}/Target Support Files/Pods-BareFoot/Pods-BareFoot-frameworks.sh\"\n";
			showEnvVarsInLog = 0;
		};
		A784D8DD317CFF6A019F0E4E /* [CP] Check Pods Manifest.lock */ = {
			isa = PBXShellScriptBuildPhase;
			buildActionMask = 2147483647;
			files = (
			);
			inputPaths = (
				"${PODS_PODFILE_DIR_PATH}/Podfile.lock",
				"${PODS_ROOT}/Manifest.lock",
			);
			name = "[CP] Check Pods Manifest.lock";
			outputPaths = (
				"$(DERIVED_FILE_DIR)/Pods-BareFootTests-checkManifestLockResult.txt",
			);
			runOnlyForDeploymentPostprocessing = 0;
			shellPath = /bin/sh;
			shellScript = "diff \"${PODS_PODFILE_DIR_PATH}/Podfile.lock\" \"${PODS_ROOT}/Manifest.lock\" > /dev/null\nif [ $? != 0 ] ; then\n    # print error to STDERR\n    echo \"error: The sandbox is not in sync with the Podfile.lock. Run 'pod install' or update your CocoaPods installation.\" >&2\n    exit 1\nfi\n# This output is used by Xcode 'outputs' to avoid re-running this script phase.\necho \"SUCCESS\" > \"${SCRIPT_OUTPUT_FILE_0}\"\n";
			showEnvVarsInLog = 0;
		};
/* End PBXShellScriptBuildPhase section */

/* Begin PBXSourcesBuildPhase section */
		3FC2629E23151D4300017379 /* Sources */ = {
			isa = PBXSourcesBuildPhase;
			buildActionMask = 2147483647;
			files = (
				3F0CAAC2234201710055AA9F /* Definitions.swift in Sources */,
				3FC262A823151D4300017379 /* ViewController.swift in Sources */,
				3F61A5322315CEF40065E822 /* TakePhoto.swift in Sources */,
				3F61A52E2315C5800065E822 /* PrepareLesson.swift in Sources */,
				3FC262D723153C4000017379 /* LoginScreen.swift in Sources */,
				3F61A5302315CD490065E822 /* Attendance.swift in Sources */,
				3FC262D9231543F800017379 /* Dashboard.swift in Sources */,
				3F61A534231685980065E822 /* Activity.swift in Sources */,
				3F9C881E234D1D700095239A /* ViewRecords.swift in Sources */,
				3F9C8820234D1EF80095239A /* BluetoothViewController.swift in Sources */,
				3FC262A623151D4300017379 /* AppDelegate.swift in Sources */,
				3FC262AE23151D4300017379 /* BareFoot.xcdatamodeld in Sources */,
			);
			runOnlyForDeploymentPostprocessing = 0;
		};
		3FC262B523151D4300017379 /* Sources */ = {
			isa = PBXSourcesBuildPhase;
			buildActionMask = 2147483647;
			files = (
				3FC262BE23151D4300017379 /* BareFootTests.swift in Sources */,
			);
			runOnlyForDeploymentPostprocessing = 0;
		};
		3FC262C023151D4300017379 /* Sources */ = {
			isa = PBXSourcesBuildPhase;
			buildActionMask = 2147483647;
			files = (
				3FC262C923151D4300017379 /* BareFootUITests.swift in Sources */,
			);
			runOnlyForDeploymentPostprocessing = 0;
		};
/* End PBXSourcesBuildPhase section */

/* Begin PBXTargetDependency section */
		3FC262BB23151D4300017379 /* PBXTargetDependency */ = {
			isa = PBXTargetDependency;
			target = 3FC262A123151D4300017379 /* BareFoot */;
			targetProxy = 3FC262BA23151D4300017379 /* PBXContainerItemProxy */;
		};
		3FC262C623151D4300017379 /* PBXTargetDependency */ = {
			isa = PBXTargetDependency;
			target = 3FC262A123151D4300017379 /* BareFoot */;
			targetProxy = 3FC262C523151D4300017379 /* PBXContainerItemProxy */;
		};
/* End PBXTargetDependency section */

/* Begin PBXVariantGroup section */
		3FC262A923151D4300017379 /* Main.storyboard */ = {
			isa = PBXVariantGroup;
			children = (
				3FC262AA23151D4300017379 /* Base */,
			);
			name = Main.storyboard;
			sourceTree = "<group>";
		};
		3FC262B123151D4300017379 /* LaunchScreen.storyboard */ = {
			isa = PBXVariantGroup;
			children = (
				3FC262B223151D4300017379 /* Base */,
			);
			name = LaunchScreen.storyboard;
			sourceTree = "<group>";
		};
/* End PBXVariantGroup section */

/* Begin XCBuildConfiguration section */
		3FC262CB23151D4300017379 /* Debug */ = {
			isa = XCBuildConfiguration;
			buildSettings = {
				ALWAYS_SEARCH_USER_PATHS = NO;
				CLANG_ANALYZER_NONNULL = YES;
				CLANG_ANALYZER_NUMBER_OBJECT_CONVERSION = YES_AGGRESSIVE;
				CLANG_CXX_LANGUAGE_STANDARD = "gnu++14";
				CLANG_CXX_LIBRARY = "libc++";
				CLANG_ENABLE_MODULES = YES;
				CLANG_ENABLE_OBJC_ARC = YES;
				CLANG_WARN_BLOCK_CAPTURE_AUTORELEASING = YES;
				CLANG_WARN_BOOL_CONVERSION = YES;
				CLANG_WARN_COMMA = YES;
				CLANG_WARN_CONSTANT_CONVERSION = YES;
				CLANG_WARN_DIRECT_OBJC_ISA_USAGE = YES_ERROR;
				CLANG_WARN_DOCUMENTATION_COMMENTS = YES;
				CLANG_WARN_EMPTY_BODY = YES;
				CLANG_WARN_ENUM_CONVERSION = YES;
				CLANG_WARN_INFINITE_RECURSION = YES;
				CLANG_WARN_INT_CONVERSION = YES;
				CLANG_WARN_NON_LITERAL_NULL_CONVERSION = YES;
				CLANG_WARN_OBJC_LITERAL_CONVERSION = YES;
				CLANG_WARN_OBJC_ROOT_CLASS = YES_ERROR;
				CLANG_WARN_RANGE_LOOP_ANALYSIS = YES;
				CLANG_WARN_STRICT_PROTOTYPES = YES;
				CLANG_WARN_SUSPICIOUS_MOVE = YES;
				CLANG_WARN_UNGUARDED_AVAILABILITY = YES_AGGRESSIVE;
				CLANG_WARN_UNREACHABLE_CODE = YES;
				CLANG_WARN__DUPLICATE_METHOD_MATCH = YES;
				CODE_SIGN_IDENTITY = "iPhone Developer";
				COPY_PHASE_STRIP = NO;
				DEBUG_INFORMATION_FORMAT = dwarf;
				ENABLE_STRICT_OBJC_MSGSEND = YES;
				ENABLE_TESTABILITY = YES;
				GCC_C_LANGUAGE_STANDARD = gnu11;
				GCC_DYNAMIC_NO_PIC = NO;
				GCC_NO_COMMON_BLOCKS = YES;
				GCC_OPTIMIZATION_LEVEL = 0;
				GCC_PREPROCESSOR_DEFINITIONS = (
					"DEBUG=1",
					"$(inherited)",
				);
				GCC_WARN_64_TO_32_BIT_CONVERSION = YES;
				GCC_WARN_ABOUT_RETURN_TYPE = YES_ERROR;
				GCC_WARN_UNDECLARED_SELECTOR = YES;
				GCC_WARN_UNINITIALIZED_AUTOS = YES_AGGRESSIVE;
				GCC_WARN_UNUSED_FUNCTION = YES;
				GCC_WARN_UNUSED_VARIABLE = YES;
				IPHONEOS_DEPLOYMENT_TARGET = 11.2;
				MTL_ENABLE_DEBUG_INFO = YES;
				ONLY_ACTIVE_ARCH = YES;
				SDKROOT = iphoneos;
				SWIFT_ACTIVE_COMPILATION_CONDITIONS = DEBUG;
				SWIFT_OPTIMIZATION_LEVEL = "-Onone";
			};
			name = Debug;
		};
		3FC262CC23151D4300017379 /* Release */ = {
			isa = XCBuildConfiguration;
			buildSettings = {
				ALWAYS_SEARCH_USER_PATHS = NO;
				CLANG_ANALYZER_NONNULL = YES;
				CLANG_ANALYZER_NUMBER_OBJECT_CONVERSION = YES_AGGRESSIVE;
				CLANG_CXX_LANGUAGE_STANDARD = "gnu++14";
				CLANG_CXX_LIBRARY = "libc++";
				CLANG_ENABLE_MODULES = YES;
				CLANG_ENABLE_OBJC_ARC = YES;
				CLANG_WARN_BLOCK_CAPTURE_AUTORELEASING = YES;
				CLANG_WARN_BOOL_CONVERSION = YES;
				CLANG_WARN_COMMA = YES;
				CLANG_WARN_CONSTANT_CONVERSION = YES;
				CLANG_WARN_DIRECT_OBJC_ISA_USAGE = YES_ERROR;
				CLANG_WARN_DOCUMENTATION_COMMENTS = YES;
				CLANG_WARN_EMPTY_BODY = YES;
				CLANG_WARN_ENUM_CONVERSION = YES;
				CLANG_WARN_INFINITE_RECURSION = YES;
				CLANG_WARN_INT_CONVERSION = YES;
				CLANG_WARN_NON_LITERAL_NULL_CONVERSION = YES;
				CLANG_WARN_OBJC_LITERAL_CONVERSION = YES;
				CLANG_WARN_OBJC_ROOT_CLASS = YES_ERROR;
				CLANG_WARN_RANGE_LOOP_ANALYSIS = YES;
				CLANG_WARN_STRICT_PROTOTYPES = YES;
				CLANG_WARN_SUSPICIOUS_MOVE = YES;
				CLANG_WARN_UNGUARDED_AVAILABILITY = YES_AGGRESSIVE;
				CLANG_WARN_UNREACHABLE_CODE = YES;
				CLANG_WARN__DUPLICATE_METHOD_MATCH = YES;
				CODE_SIGN_IDENTITY = "iPhone Developer";
				COPY_PHASE_STRIP = NO;
				DEBUG_INFORMATION_FORMAT = "dwarf-with-dsym";
				ENABLE_NS_ASSERTIONS = NO;
				ENABLE_STRICT_OBJC_MSGSEND = YES;
				GCC_C_LANGUAGE_STANDARD = gnu11;
				GCC_NO_COMMON_BLOCKS = YES;
				GCC_WARN_64_TO_32_BIT_CONVERSION = YES;
				GCC_WARN_ABOUT_RETURN_TYPE = YES_ERROR;
				GCC_WARN_UNDECLARED_SELECTOR = YES;
				GCC_WARN_UNINITIALIZED_AUTOS = YES_AGGRESSIVE;
				GCC_WARN_UNUSED_FUNCTION = YES;
				GCC_WARN_UNUSED_VARIABLE = YES;
				IPHONEOS_DEPLOYMENT_TARGET = 11.2;
				MTL_ENABLE_DEBUG_INFO = NO;
				SDKROOT = iphoneos;
				SWIFT_OPTIMIZATION_LEVEL = "-Owholemodule";
				VALIDATE_PRODUCT = YES;
			};
			name = Release;
		};
		3FC262CE23151D4300017379 /* Debug */ = {
			isa = XCBuildConfiguration;
			baseConfigurationReference = CEE241FA12E76FC3A1877629 /* Pods-BareFoot.debug.xcconfig */;
			buildSettings = {
				ASSETCATALOG_COMPILER_LAUNCHIMAGE_NAME = "LaunchImage-2";
				CODE_SIGN_STYLE = Automatic;
				DEVELOPMENT_TEAM = NH929XX8JA;
				INFOPLIST_FILE = BareFoot/Info.plist;
				IPHONEOS_DEPLOYMENT_TARGET = 11.0;
				LD_RUNPATH_SEARCH_PATHS = "$(inherited) @executable_path/Frameworks";
				PRODUCT_BUNDLE_IDENTIFIER = com.barefoot.BareFoot;
				PRODUCT_NAME = "$(TARGET_NAME)";
				SWIFT_VERSION = 4.0;
				TARGETED_DEVICE_FAMILY = "1,2";
			};
			name = Debug;
		};
		3FC262CF23151D4300017379 /* Release */ = {
			isa = XCBuildConfiguration;
			baseConfigurationReference = 33379E708ACD17AB10CD718F /* Pods-BareFoot.release.xcconfig */;
			buildSettings = {
				ASSETCATALOG_COMPILER_LAUNCHIMAGE_NAME = "LaunchImage-2";
				CODE_SIGN_STYLE = Automatic;
				DEVELOPMENT_TEAM = NH929XX8JA;
				INFOPLIST_FILE = BareFoot/Info.plist;
				IPHONEOS_DEPLOYMENT_TARGET = 11.0;
				LD_RUNPATH_SEARCH_PATHS = "$(inherited) @executable_path/Frameworks";
				PRODUCT_BUNDLE_IDENTIFIER = com.barefoot.BareFoot;
				PRODUCT_NAME = "$(TARGET_NAME)";
				SWIFT_VERSION = 4.0;
				TARGETED_DEVICE_FAMILY = "1,2";
			};
			name = Release;
		};
		3FC262D123151D4300017379 /* Debug */ = {
			isa = XCBuildConfiguration;
			baseConfigurationReference = 8DF9C7A2D1DE8805892D1305 /* Pods-BareFootTests.debug.xcconfig */;
			buildSettings = {
				ALWAYS_EMBED_SWIFT_STANDARD_LIBRARIES = YES;
				BUNDLE_LOADER = "$(TEST_HOST)";
				CODE_SIGN_STYLE = Automatic;
				INFOPLIST_FILE = BareFootTests/Info.plist;
				LD_RUNPATH_SEARCH_PATHS = "$(inherited) @executable_path/Frameworks @loader_path/Frameworks";
				PRODUCT_BUNDLE_IDENTIFIER = com.barefoot.BareFootTests;
				PRODUCT_NAME = "$(TARGET_NAME)";
				SWIFT_VERSION = 4.0;
				TARGETED_DEVICE_FAMILY = "1,2";
				TEST_HOST = "$(BUILT_PRODUCTS_DIR)/BareFoot.app/BareFoot";
			};
			name = Debug;
		};
		3FC262D223151D4300017379 /* Release */ = {
			isa = XCBuildConfiguration;
			baseConfigurationReference = 1262AD53EF0009A443ED72B3 /* Pods-BareFootTests.release.xcconfig */;
			buildSettings = {
				ALWAYS_EMBED_SWIFT_STANDARD_LIBRARIES = YES;
				BUNDLE_LOADER = "$(TEST_HOST)";
				CODE_SIGN_STYLE = Automatic;
				INFOPLIST_FILE = BareFootTests/Info.plist;
				LD_RUNPATH_SEARCH_PATHS = "$(inherited) @executable_path/Frameworks @loader_path/Frameworks";
				PRODUCT_BUNDLE_IDENTIFIER = com.barefoot.BareFootTests;
				PRODUCT_NAME = "$(TARGET_NAME)";
				SWIFT_VERSION = 4.0;
				TARGETED_DEVICE_FAMILY = "1,2";
				TEST_HOST = "$(BUILT_PRODUCTS_DIR)/BareFoot.app/BareFoot";
			};
			name = Release;
		};
		3FC262D423151D4300017379 /* Debug */ = {
			isa = XCBuildConfiguration;
			baseConfigurationReference = F9F02135A0E660CEF45EEF73 /* Pods-BareFootUITests.debug.xcconfig */;
			buildSettings = {
				ALWAYS_EMBED_SWIFT_STANDARD_LIBRARIES = YES;
				CODE_SIGN_STYLE = Automatic;
				INFOPLIST_FILE = BareFootUITests/Info.plist;
				LD_RUNPATH_SEARCH_PATHS = "$(inherited) @executable_path/Frameworks @loader_path/Frameworks";
				PRODUCT_BUNDLE_IDENTIFIER = com.barefoot.BareFootUITests;
				PRODUCT_NAME = "$(TARGET_NAME)";
				SWIFT_VERSION = 4.0;
				TARGETED_DEVICE_FAMILY = "1,2";
				TEST_TARGET_NAME = BareFoot;
			};
			name = Debug;
		};
		3FC262D523151D4300017379 /* Release */ = {
			isa = XCBuildConfiguration;
			baseConfigurationReference = F2FDA1248FD0BAB8047E60A3 /* Pods-BareFootUITests.release.xcconfig */;
			buildSettings = {
				ALWAYS_EMBED_SWIFT_STANDARD_LIBRARIES = YES;
				CODE_SIGN_STYLE = Automatic;
				INFOPLIST_FILE = BareFootUITests/Info.plist;
				LD_RUNPATH_SEARCH_PATHS = "$(inherited) @executable_path/Frameworks @loader_path/Frameworks";
				PRODUCT_BUNDLE_IDENTIFIER = com.barefoot.BareFootUITests;
				PRODUCT_NAME = "$(TARGET_NAME)";
				SWIFT_VERSION = 4.0;
				TARGETED_DEVICE_FAMILY = "1,2";
				TEST_TARGET_NAME = BareFoot;
			};
			name = Release;
		};
/* End XCBuildConfiguration section */

/* Begin XCConfigurationList section */
		3FC2629D23151D4300017379 /* Build configuration list for PBXProject "BareFoot" */ = {
			isa = XCConfigurationList;
			buildConfigurations = (
				3FC262CB23151D4300017379 /* Debug */,
				3FC262CC23151D4300017379 /* Release */,
			);
			defaultConfigurationIsVisible = 0;
			defaultConfigurationName = Release;
		};
		3FC262CD23151D4300017379 /* Build configuration list for PBXNativeTarget "BareFoot" */ = {
			isa = XCConfigurationList;
			buildConfigurations = (
				3FC262CE23151D4300017379 /* Debug */,
				3FC262CF23151D4300017379 /* Release */,
			);
			defaultConfigurationIsVisible = 0;
			defaultConfigurationName = Release;
		};
		3FC262D023151D4300017379 /* Build configuration list for PBXNativeTarget "BareFootTests" */ = {
			isa = XCConfigurationList;
			buildConfigurations = (
				3FC262D123151D4300017379 /* Debug */,
				3FC262D223151D4300017379 /* Release */,
			);
			defaultConfigurationIsVisible = 0;
			defaultConfigurationName = Release;
		};
		3FC262D323151D4300017379 /* Build configuration list for PBXNativeTarget "BareFootUITests" */ = {
			isa = XCConfigurationList;
			buildConfigurations = (
				3FC262D423151D4300017379 /* Debug */,
				3FC262D523151D4300017379 /* Release */,
			);
			defaultConfigurationIsVisible = 0;
			defaultConfigurationName = Release;
		};
/* End XCConfigurationList section */

/* Begin XCVersionGroup section */
		3FC262AC23151D4300017379 /* BareFoot.xcdatamodeld */ = {
			isa = XCVersionGroup;
			children = (
				3FC262AD23151D4300017379 /* BareFoot.xcdatamodel */,
			);
			currentVersion = 3FC262AD23151D4300017379 /* BareFoot.xcdatamodel */;
			path = BareFoot.xcdatamodeld;
			sourceTree = "<group>";
			versionGroupType = wrapper.xcdatamodel;
		};
/* End XCVersionGroup section */
	};
	rootObject = 3FC2629A23151D4300017379 /* Project object */;
}
